
Microsoft Visual Studio Solution File, Format Version 12.00
# Visual Studio 15
VisualStudioVersion = 15.0.28307.757
MinimumVisualStudioVersion = 10.0.40219.1
Project("{FAE04EC0-301F-11D3-BF4B-00C04F79EFBC}") = "Projekat_2", "Projekat_2\Projekat_2.csproj", "{6C80CAD5-AACC-4D46-917F-BB639CF8B377}"
EndProject
Global
	GlobalSection(SolutionConfigurationPlatforms) = preSolution
		Debug|Any CPU = Debug|Any CPU
		Release|Any CPU = Release|Any CPU
	EndGlobalSection
	GlobalSection(ProjectConfigurationPlatforms) = postSolution
		{6C80CAD5-AACC-4D46-917F-BB639CF8B377}.Debug|Any CPU.ActiveCfg = Debug|Any CPU
		{6C80CAD5-AACC-4D46-917F-BB639CF8B377}.Debug|Any CPU.Build.0 = Debug|Any CPU
		{6C80CAD5-AACC-4D46-917F-BB639CF8B377}.Release|Any CPU.ActiveCfg = Release|Any CPU
		{6C80CAD5-AACC-4D46-917F-BB639CF8B377}.Release|Any CPU.Build.0 = Release|Any CPU
	EndGlobalSection
	GlobalSection(SolutionProperties) = preSolution
		HideSolutionNode = FALSE
	EndGlobalSection
	GlobalSection(ExtensibilityGlobals) = postSolution
		SolutionGuid = {062AD27D-2ADD-4BB5-8F41-50DBA40A7C31}
	EndGlobalSection
EndGlobal
